// !$*UTF8*$!
{
	archiveVersion = 1;
	classes = {
	};
	objectVersion = 77;
	objects = {

/* Begin PBXBuildFile section */
		99A6DF992D8964B1006F55A3 /* AppDelegate.swift in Sources */ = {isa = PBXBuildFile; fileRef = 99A6DF8E2D8964B1006F55A3 /* AppDelegate.swift */; };
		99A6DF9A2D8964B1006F55A3 /* ResultViewController.swift in Sources */ = {isa = PBXBuildFile; fileRef = 99A6DF952D8964B1006F55A3 /* ResultViewController.swift */; };
		99A6DF9B2D8964B1006F55A3 /* SceneDelegate.swift in Sources */ = {isa = PBXBuildFile; fileRef = 99A6DF962D8964B1006F55A3 /* SceneDelegate.swift */; };
		99A6DF9C2D8964B1006F55A3 /* LaptopExpertSystemViewController.swift in Sources */ = {isa = PBXBuildFile; fileRef = 99A6DF972D8964B1006F55A3 /* LaptopExpertSystemViewController.swift */; };
		99A6DF9D2D8964B1006F55A3 /* Assets.xcassets in Resources */ = {isa = PBXBuildFile; fileRef = 99A6DF8F2D8964B1006F55A3 /* Assets.xcassets */; };
		99A6DF9F2D8964B1006F55A3 /* LaunchScreen.storyboard in Resources */ = {isa = PBXBuildFile; fileRef = 99A6DF922D8964B1006F55A3 /* LaunchScreen.storyboard */; };
		99A6DFA02D8964B1006F55A3 /* Main.storyboard in Resources */ = {isa = PBXBuildFile; fileRef = 99A6DF942D8964B1006F55A3 /* Main.storyboard */; };
		99A6DFA32D8964FE006F55A3 /* Rule.swift in Sources */ = {isa = PBXBuildFile; fileRef = 99A6DFA22D8964FE006F55A3 /* Rule.swift */; };
		99A6DFA52D896517006F55A3 /* UserPreferences.swift in Sources */ = {isa = PBXBuildFile; fileRef = 99A6DFA42D896517006F55A3 /* UserPreferences.swift */; };
		99A6DFA72D89652E006F55A3 /* LaptopExpertSystemPresenter.swift in Sources */ = {isa = PBXBuildFile; fileRef = 99A6DFA62D89652E006F55A3 /* LaptopExpertSystemPresenter.swift */; };
		99A6DFA92D8972B2006F55A3 /* LaptopExpertSystemViewControllerProtocol.swift in Sources */ = {isa = PBXBuildFile; fileRef = 99A6DFA82D8972B2006F55A3 /* LaptopExpertSystemViewControllerProtocol.swift */; };
/* End PBXBuildFile section */

/* Begin PBXFileReference section */
		99A6DF742D896379006F55A3 /* ExpertSystem.app */ = {isa = PBXFileReference; explicitFileType = wrapper.application; includeInIndex = 0; path = ExpertSystem.app; sourceTree = BUILT_PRODUCTS_DIR; };
		99A6DF8E2D8964B1006F55A3 /* AppDelegate.swift */ = {isa = PBXFileReference; lastKnownFileType = sourcecode.swift; path = AppDelegate.swift; sourceTree = "<group>"; };
		99A6DF8F2D8964B1006F55A3 /* Assets.xcassets */ = {isa = PBXFileReference; lastKnownFileType = folder.assetcatalog; path = Assets.xcassets; sourceTree = "<group>"; };
		99A6DF902D8964B1006F55A3 /* Info.plist */ = {isa = PBXFileReference; lastKnownFileType = text.plist.xml; path = Info.plist; sourceTree = "<group>"; };
		99A6DF912D8964B1006F55A3 /* Base */ = {isa = PBXFileReference; lastKnownFileType = file.storyboard; name = Base; path = Base.lproj/LaunchScreen.storyboard; sourceTree = "<group>"; };
		99A6DF932D8964B1006F55A3 /* Base */ = {isa = PBXFileReference; lastKnownFileType = file.storyboard; name = Base; path = Base.lproj/Main.storyboard; sourceTree = "<group>"; };
		99A6DF952D8964B1006F55A3 /* ResultViewController.swift */ = {isa = PBXFileReference; lastKnownFileType = sourcecode.swift; path = ResultViewController.swift; sourceTree = "<group>"; };
		99A6DF962D8964B1006F55A3 /* SceneDelegate.swift */ = {isa = PBXFileReference; lastKnownFileType = sourcecode.swift; path = SceneDelegate.swift; sourceTree = "<group>"; };
		99A6DF972D8964B1006F55A3 /* LaptopExpertSystemViewController.swift */ = {isa = PBXFileReference; lastKnownFileType = sourcecode.swift; path = LaptopExpertSystemViewController.swift; sourceTree = "<group>"; };
		99A6DFA22D8964FE006F55A3 /* Rule.swift */ = {isa = PBXFileReference; lastKnownFileType = sourcecode.swift; path = Rule.swift; sourceTree = "<group>"; };
		99A6DFA42D896517006F55A3 /* UserPreferences.swift */ = {isa = PBXFileReference; lastKnownFileType = sourcecode.swift; path = UserPreferences.swift; sourceTree = "<group>"; };
		99A6DFA62D89652E006F55A3 /* LaptopExpertSystemPresenter.swift */ = {isa = PBXFileReference; lastKnownFileType = sourcecode.swift; path = LaptopExpertSystemPresenter.swift; sourceTree = "<group>"; };
		99A6DFA82D8972B2006F55A3 /* LaptopExpertSystemViewControllerProtocol.swift */ = {isa = PBXFileReference; lastKnownFileType = sourcecode.swift; path = LaptopExpertSystemViewControllerProtocol.swift; sourceTree = "<group>"; };
/* End PBXFileReference section */

/* Begin PBXFrameworksBuildPhase section */
		99A6DF712D896379006F55A3 /* Frameworks */ = {
			isa = PBXFrameworksBuildPhase;
			buildActionMask = 2147483647;
			files = (
			);
			runOnlyForDeploymentPostprocessing = 0;
		};
/* End PBXFrameworksBuildPhase section */

/* Begin PBXGroup section */
		99A6DF6B2D896379006F55A3 = {
			isa = PBXGroup;
			children = (
				99A6DFA12D8964E6006F55A3 /* Models */,
				99A6DF982D8964B1006F55A3 /* ExpertSystem */,
				99A6DF752D896379006F55A3 /* Products */,
			);
			sourceTree = "<group>";
		};
		99A6DF752D896379006F55A3 /* Products */ = {
			isa = PBXGroup;
			children = (
				99A6DF742D896379006F55A3 /* ExpertSystem.app */,
			);
			name = Products;
			sourceTree = "<group>";
		};
		99A6DF982D8964B1006F55A3 /* ExpertSystem */ = {
			isa = PBXGroup;
			children = (
				99A6DF8E2D8964B1006F55A3 /* AppDelegate.swift */,
				99A6DF962D8964B1006F55A3 /* SceneDelegate.swift */,
				99A6DFA62D89652E006F55A3 /* LaptopExpertSystemPresenter.swift */,
				99A6DF972D8964B1006F55A3 /* LaptopExpertSystemViewController.swift */,
				99A6DF952D8964B1006F55A3 /* ResultViewController.swift */,
				99A6DF922D8964B1006F55A3 /* LaunchScreen.storyboard */,
				99A6DF942D8964B1006F55A3 /* Main.storyboard */,
				99A6DF8F2D8964B1006F55A3 /* Assets.xcassets */,
				99A6DF902D8964B1006F55A3 /* Info.plist */,
			);
			path = ExpertSystem;
			sourceTree = "<group>";
		};
		99A6DFA12D8964E6006F55A3 /* Models */ = {
			isa = PBXGroup;
			children = (
				99A6DFA22D8964FE006F55A3 /* Rule.swift */,
				99A6DFA42D896517006F55A3 /* UserPreferences.swift */,
				99A6DFA82D8972B2006F55A3 /* LaptopExpertSystemViewControllerProtocol.swift */,
			);
			path = Models;
			sourceTree = "<group>";
		};
/* End PBXGroup section */

/* Begin PBXNativeTarget section */
		99A6DF732D896379006F55A3 /* ExpertSystem */ = {
			isa = PBXNativeTarget;
			buildConfigurationList = 99A6DF872D89637B006F55A3 /* Build configuration list for PBXNativeTarget "ExpertSystem" */;
			buildPhases = (
				99A6DF702D896379006F55A3 /* Sources */,
				99A6DF712D896379006F55A3 /* Frameworks */,
				99A6DF722D896379006F55A3 /* Resources */,
			);
			buildRules = (
			);
			dependencies = (
			);
			name = ExpertSystem;
			packageProductDependencies = (
			);
			productName = ExpertSystem;
			productReference = 99A6DF742D896379006F55A3 /* ExpertSystem.app */;
			productType = "com.apple.product-type.application";
		};
/* End PBXNativeTarget section */

/* Begin PBXProject section */
		99A6DF6C2D896379006F55A3 /* Project object */ = {
			isa = PBXProject;
			attributes = {
				BuildIndependentTargetsInParallel = 1;
				LastSwiftUpdateCheck = 1620;
				LastUpgradeCheck = 1620;
				TargetAttributes = {
					99A6DF732D896379006F55A3 = {
						CreatedOnToolsVersion = 16.2;
					};
				};
			};
			buildConfigurationList = 99A6DF6F2D896379006F55A3 /* Build configuration list for PBXProject "ExpertSystem" */;
			developmentRegion = en;
			hasScannedForEncodings = 0;
			knownRegions = (
				en,
				Base,
			);
			mainGroup = 99A6DF6B2D896379006F55A3;
			minimizedProjectReferenceProxies = 1;
			preferredProjectObjectVersion = 77;
			productRefGroup = 99A6DF752D896379006F55A3 /* Products */;
			projectDirPath = "";
			projectRoot = "";
			targets = (
				99A6DF732D896379006F55A3 /* ExpertSystem */,
			);
		};
/* End PBXProject section */

/* Begin PBXResourcesBuildPhase section */
		99A6DF722D896379006F55A3 /* Resources */ = {
			isa = PBXResourcesBuildPhase;
			buildActionMask = 2147483647;
			files = (
				99A6DF9D2D8964B1006F55A3 /* Assets.xcassets in Resources */,
				99A6DF9F2D8964B1006F55A3 /* LaunchScreen.storyboard in Resources */,
				99A6DFA02D8964B1006F55A3 /* Main.storyboard in Resources */,
			);
			runOnlyForDeploymentPostprocessing = 0;
		};
/* End PBXResourcesBuildPhase section */

/* Begin PBXSourcesBuildPhase section */
		99A6DF702D896379006F55A3 /* Sources */ = {
			isa = PBXSourcesBuildPhase;
			buildActionMask = 2147483647;
			files = (
				99A6DF992D8964B1006F55A3 /* AppDelegate.swift in Sources */,
				99A6DFA72D89652E006F55A3 /* LaptopExpertSystemPresenter.swift in Sources */,
				99A6DFA52D896517006F55A3 /* UserPreferences.swift in Sources */,
				99A6DFA32D8964FE006F55A3 /* Rule.swift in Sources */,
				99A6DF9A2D8964B1006F55A3 /* ResultViewController.swift in Sources */,
				99A6DF9B2D8964B1006F55A3 /* SceneDelegate.swift in Sources */,
				99A6DF9C2D8964B1006F55A3 /* LaptopExpertSystemViewController.swift in Sources */,
				99A6DFA92D8972B2006F55A3 /* LaptopExpertSystemViewControllerProtocol.swift in Sources */,
			);
			runOnlyForDeploymentPostprocessing = 0;
		};
/* End PBXSourcesBuildPhase section */

/* Begin PBXVariantGroup section */
		99A6DF922D8964B1006F55A3 /* LaunchScreen.storyboard */ = {
			isa = PBXVariantGroup;
			children = (
				99A6DF912D8964B1006F55A3 /* Base */,
			);
			name = LaunchScreen.storyboard;
			sourceTree = "<group>";
		};
		99A6DF942D8964B1006F55A3 /* Main.storyboard */ = {
			isa = PBXVariantGroup;
			children = (
				99A6DF932D8964B1006F55A3 /* Base */,
			);
			name = Main.storyboard;
			sourceTree = "<group>";
		};
/* End PBXVariantGroup section */

/* Begin XCBuildConfiguration section */
		99A6DF882D89637B006F55A3 /* Debug */ = {
			isa = XCBuildConfiguration;
			buildSettings = {
				ASSETCATALOG_COMPILER_APPICON_NAME = AppIcon;
				ASSETCATALOG_COMPILER_GLOBAL_ACCENT_COLOR_NAME = AccentColor;
				CODE_SIGN_STYLE = Automatic;
				CURRENT_PROJECT_VERSION = 1;
				DEVELOPMENT_TEAM = V459R55R59;
				GENERATE_INFOPLIST_FILE = YES;
				INFOPLIST_FILE = ExpertSystem/Info.plist;
				INFOPLIST_KEY_UIApplicationSupportsIndirectInputEvents = YES;
				INFOPLIST_KEY_UILaunchStoryboardName = LaunchScreen;
				INFOPLIST_KEY_UIMainStoryboardFile = Main;
				INFOPLIST_KEY_UISupportedInterfaceOrientations_iPad = "UIInterfaceOrientationPortrait UIInterfaceOrientationPortraitUpsideDown UIInterfaceOrientationLandscapeLeft UIInterfaceOrientationLandscapeRight";
				INFOPLIST_KEY_UISupportedInterfaceOrientations_iPhone = "UIInterfaceOrientationPortrait UIInterfaceOrientationLandscapeLeft UIInterfaceOrientationLandscapeRight";
				LD_RUNPATH_SEARCH_PATHS = (
					"$(inherited)",
					"@executable_path/Frameworks",
				);
				MARKETING_VERSION = 1.0;
				PRODUCT_BUNDLE_IDENTIFIER = ru.avtabenskiy.ExpertSystem;
				PRODUCT_NAME = "$(TARGET_NAME)";
				SWIFT_EMIT_LOC_STRINGS = YES;
				SWIFT_VERSION = 5.0;
				TARGETED_DEVICE_FAMILY = "1,2";
			};
			name = Debug;
		};
		99A6DF892D89637B006F55A3 /* Release */ = {
			isa = XCBuildConfiguration;
			buildSettings = {
				ASSETCATALOG_COMPILER_APPICON_NAME = AppIcon;
				ASSETCATALOG_COMPILER_GLOBAL_ACCENT_COLOR_NAME = AccentColor;
				CODE_SIGN_STYLE = Automatic;
				CURRENT_PROJECT_VERSION = 1;
				DEVELOPMENT_TEAM = V459R55R59;
				GENERATE_INFOPLIST_FILE = YES;
				INFOPLIST_FILE = ExpertSystem/Info.plist;
				INFOPLIST_KEY_UIApplicationSupportsIndirectInputEvents = YES;
				INFOPLIST_KEY_UILaunchStoryboardName = LaunchScreen;
				INFOPLIST_KEY_UIMainStoryboardFile = Main;
				INFOPLIST_KEY_UISupportedInterfaceOrientations_iPad = "UIInterfaceOrientationPortrait UIInterfaceOrientationPortraitUpsideDown UIInterfaceOrientationLandscapeLeft UIInterfaceOrientationLandscapeRight";
				INFOPLIST_KEY_UISupportedInterfaceOrientations_iPhone = "UIInterfaceOrientationPortrait UIInterfaceOrientationLandscapeLeft UIInterfaceOrientationLandscapeRight";
				LD_RUNPATH_SEARCH_PATHS = (
					"$(inherited)",
					"@executable_path/Frameworks",
				);
				MARKETING_VERSION = 1.0;
				PRODUCT_BUNDLE_IDENTIFIER = ru.avtabenskiy.ExpertSystem;
				PRODUCT_NAME = "$(TARGET_NAME)";
				SWIFT_EMIT_LOC_STRINGS = YES;
				SWIFT_VERSION = 5.0;
				TARGETED_DEVICE_FAMILY = "1,2";
			};
			name = Release;
		};
		99A6DF8A2D89637B006F55A3 /* Debug */ = {
			isa = XCBuildConfiguration;
			buildSettings = {
				ALWAYS_SEARCH_USER_PATHS = NO;
				ASSETCATALOG_COMPILER_GENERATE_SWIFT_ASSET_SYMBOL_EXTENSIONS = YES;
				CLANG_ANALYZER_NONNULL = YES;
				CLANG_ANALYZER_NUMBER_OBJECT_CONVERSION = YES_AGGRESSIVE;
				CLANG_CXX_LANGUAGE_STANDARD = "gnu++20";
				CLANG_ENABLE_MODULES = YES;
				CLANG_ENABLE_OBJC_ARC = YES;
				CLANG_ENABLE_OBJC_WEAK = YES;
				CLANG_WARN_BLOCK_CAPTURE_AUTORELEASING = YES;
				CLANG_WARN_BOOL_CONVERSION = YES;
				CLANG_WARN_COMMA = YES;
				CLANG_WARN_CONSTANT_CONVERSION = YES;
				CLANG_WARN_DEPRECATED_OBJC_IMPLEMENTATIONS = YES;
				CLANG_WARN_DIRECT_OBJC_ISA_USAGE = YES_ERROR;
				CLANG_WARN_DOCUMENTATION_COMMENTS = YES;
				CLANG_WARN_EMPTY_BODY = YES;
				CLANG_WARN_ENUM_CONVERSION = YES;
				CLANG_WARN_INFINITE_RECURSION = YES;
				CLANG_WARN_INT_CONVERSION = YES;
				CLANG_WARN_NON_LITERAL_NULL_CONVERSION = YES;
				CLANG_WARN_OBJC_IMPLICIT_RETAIN_SELF = YES;
				CLANG_WARN_OBJC_LITERAL_CONVERSION = YES;
				CLANG_WARN_OBJC_ROOT_CLASS = YES_ERROR;
				CLANG_WARN_QUOTED_INCLUDE_IN_FRAMEWORK_HEADER = YES;
				CLANG_WARN_RANGE_LOOP_ANALYSIS = YES;
				CLANG_WARN_STRICT_PROTOTYPES = YES;
				CLANG_WARN_SUSPICIOUS_MOVE = YES;
				CLANG_WARN_UNGUARDED_AVAILABILITY = YES_AGGRESSIVE;
				CLANG_WARN_UNREACHABLE_CODE = YES;
				CLANG_WARN__DUPLICATE_METHOD_MATCH = YES;
				COPY_PHASE_STRIP = NO;
				DEBUG_INFORMATION_FORMAT = dwarf;
				ENABLE_STRICT_OBJC_MSGSEND = YES;
				ENABLE_TESTABILITY = YES;
				ENABLE_USER_SCRIPT_SANDBOXING = YES;
				GCC_C_LANGUAGE_STANDARD = gnu17;
				GCC_DYNAMIC_NO_PIC = NO;
				GCC_NO_COMMON_BLOCKS = YES;
				GCC_OPTIMIZATION_LEVEL = 0;
				GCC_PREPROCESSOR_DEFINITIONS = (
					"DEBUG=1",
					"$(inherited)",
				);
				GCC_WARN_64_TO_32_BIT_CONVERSION = YES;
				GCC_WARN_ABOUT_RETURN_TYPE = YES_ERROR;
				GCC_WARN_UNDECLARED_SELECTOR = YES;
				GCC_WARN_UNINITIALIZED_AUTOS = YES_AGGRESSIVE;
				GCC_WARN_UNUSED_FUNCTION = YES;
				GCC_WARN_UNUSED_VARIABLE = YES;
				IPHONEOS_DEPLOYMENT_TARGET = 18.2;
				LOCALIZATION_PREFERS_STRING_CATALOGS = YES;
				MTL_ENABLE_DEBUG_INFO = INCLUDE_SOURCE;
				MTL_FAST_MATH = YES;
				ONLY_ACTIVE_ARCH = YES;
				SDKROOT = iphoneos;
				SWIFT_ACTIVE_COMPILATION_CONDITIONS = "DEBUG $(inherited)";
				SWIFT_OPTIMIZATION_LEVEL = "-Onone";
			};
			name = Debug;
		};
		99A6DF8B2D89637B006F55A3 /* Release */ = {
			isa = XCBuildConfiguration;
			buildSettings = {
				ALWAYS_SEARCH_USER_PATHS = NO;
				ASSETCATALOG_COMPILER_GENERATE_SWIFT_ASSET_SYMBOL_EXTENSIONS = YES;
				CLANG_ANALYZER_NONNULL = YES;
				CLANG_ANALYZER_NUMBER_OBJECT_CONVERSION = YES_AGGRESSIVE;
				CLANG_CXX_LANGUAGE_STANDARD = "gnu++20";
				CLANG_ENABLE_MODULES = YES;
				CLANG_ENABLE_OBJC_ARC = YES;
				CLANG_ENABLE_OBJC_WEAK = YES;
				CLANG_WARN_BLOCK_CAPTURE_AUTORELEASING = YES;
				CLANG_WARN_BOOL_CONVERSION = YES;
				CLANG_WARN_COMMA = YES;
				CLANG_WARN_CONSTANT_CONVERSION = YES;
				CLANG_WARN_DEPRECATED_OBJC_IMPLEMENTATIONS = YES;
				CLANG_WARN_DIRECT_OBJC_ISA_USAGE = YES_ERROR;
				CLANG_WARN_DOCUMENTATION_COMMENTS = YES;
				CLANG_WARN_EMPTY_BODY = YES;
				CLANG_WARN_ENUM_CONVERSION = YES;
				CLANG_WARN_INFINITE_RECURSION = YES;
				CLANG_WARN_INT_CONVERSION = YES;
				CLANG_WARN_NON_LITERAL_NULL_CONVERSION = YES;
				CLANG_WARN_OBJC_IMPLICIT_RETAIN_SELF = YES;
				CLANG_WARN_OBJC_LITERAL_CONVERSION = YES;
				CLANG_WARN_OBJC_ROOT_CLASS = YES_ERROR;
				CLANG_WARN_QUOTED_INCLUDE_IN_FRAMEWORK_HEADER = YES;
				CLANG_WARN_RANGE_LOOP_ANALYSIS = YES;
				CLANG_WARN_STRICT_PROTOTYPES = YES;
				CLANG_WARN_SUSPICIOUS_MOVE = YES;
				CLANG_WARN_UNGUARDED_AVAILABILITY = YES_AGGRESSIVE;
				CLANG_WARN_UNREACHABLE_CODE = YES;
				CLANG_WARN__DUPLICATE_METHOD_MATCH = YES;
				COPY_PHASE_STRIP = NO;
				DEBUG_INFORMATION_FORMAT = "dwarf-with-dsym";
				ENABLE_NS_ASSERTIONS = NO;
				ENABLE_STRICT_OBJC_MSGSEND = YES;
				ENABLE_USER_SCRIPT_SANDBOXING = YES;
				GCC_C_LANGUAGE_STANDARD = gnu17;
				GCC_NO_COMMON_BLOCKS = YES;
				GCC_WARN_64_TO_32_BIT_CONVERSION = YES;
				GCC_WARN_ABOUT_RETURN_TYPE = YES_ERROR;
				GCC_WARN_UNDECLARED_SELECTOR = YES;
				GCC_WARN_UNINITIALIZED_AUTOS = YES_AGGRESSIVE;
				GCC_WARN_UNUSED_FUNCTION = YES;
				GCC_WARN_UNUSED_VARIABLE = YES;
				IPHONEOS_DEPLOYMENT_TARGET = 18.2;
				LOCALIZATION_PREFERS_STRING_CATALOGS = YES;
				MTL_ENABLE_DEBUG_INFO = NO;
				MTL_FAST_MATH = YES;
				SDKROOT = iphoneos;
				SWIFT_COMPILATION_MODE = wholemodule;
				VALIDATE_PRODUCT = YES;
			};
			name = Release;
		};
/* End XCBuildConfiguration section */

/* Begin XCConfigurationList section */
		99A6DF6F2D896379006F55A3 /* Build configuration list for PBXProject "ExpertSystem" */ = {
			isa = XCConfigurationList;
			buildConfigurations = (
				99A6DF8A2D89637B006F55A3 /* Debug */,
				99A6DF8B2D89637B006F55A3 /* Release */,
			);
			defaultConfigurationIsVisible = 0;
			defaultConfigurationName = Release;
		};
		99A6DF872D89637B006F55A3 /* Build configuration list for PBXNativeTarget "ExpertSystem" */ = {
			isa = XCConfigurationList;
			buildConfigurations = (
				99A6DF882D89637B006F55A3 /* Debug */,
				99A6DF892D89637B006F55A3 /* Release */,
			);
			defaultConfigurationIsVisible = 0;
			defaultConfigurationName = Release;
		};
/* End XCConfigurationList section */
	};
	rootObject = 99A6DF6C2D896379006F55A3 /* Project object */;
}
